
Microsoft Visual Studio Solution File, Format Version 12.00
# Visual Studio Version 17
VisualStudioVersion = 17.2.32630.192
MinimumVisualStudioVersion = 10.0.40219.1
Project("{FAE04EC0-301F-11D3-BF4B-00C04F79EFBC}") = "API-BARBEARIA", "API-BARBEARIA.csproj", "{1CB0F293-23A6-4031-AC54-093F4EF1927A}"
EndProject
Project("{FAE04EC0-301F-11D3-BF4B-00C04F79EFBC}") = "API-BARBEARIA.Commons", "..\API-BARBEARIA.Commons\API-BARBEARIA.Commons.csproj", "{E4E70B31-85F2-4709-A65B-218E7805D720}"
EndProject
Project("{FAE04EC0-301F-11D3-BF4B-00C04F79EFBC}") = "API-BARBEARIA.DAL", "..\API-BARBEARIA.DAL\API-BARBEARIA.DAL.csproj", "{47BBE237-199E-4B4F-9D1D-7CF960FF3D93}"
EndProject
Project("{FAE04EC0-301F-11D3-BF4B-00C04F79EFBC}") = "API-BARBEARIA.DTO", "..\API-BARBEARIA.DTO\API-BARBEARIA.DTO.csproj", "{64822C03-17D0-49D2-AE94-A16151416088}"
EndProject
Project("{FAE04EC0-301F-11D3-BF4B-00C04F79EFBC}") = "API-BARBEARIA.Manager", "..\API-BARBEARIA.Manager\API-BARBEARIA.Manager.csproj", "{25EDC004-0BAF-4FF7-A6D9-2954C00C50C3}"
EndProject
Project("{FAE04EC0-301F-11D3-BF4B-00C04F79EFBC}") = "API-BARBEARIA.Repository", "..\API-BARBEARIA.Repository\API-BARBEARIA.Repository.csproj", "{2B6B4408-D1A4-464A-8C0A-C097C093656C}"
EndProject
Global
	GlobalSection(SolutionConfigurationPlatforms) = preSolution
		Debug|Any CPU = Debug|Any CPU
		Release|Any CPU = Release|Any CPU
	EndGlobalSection
	GlobalSection(ProjectConfigurationPlatforms) = postSolution
		{1CB0F293-23A6-4031-AC54-093F4EF1927A}.Debug|Any CPU.ActiveCfg = Debug|Any CPU
		{1CB0F293-23A6-4031-AC54-093F4EF1927A}.Debug|Any CPU.Build.0 = Debug|Any CPU
		{1CB0F293-23A6-4031-AC54-093F4EF1927A}.Release|Any CPU.ActiveCfg = Release|Any CPU
		{1CB0F293-23A6-4031-AC54-093F4EF1927A}.Release|Any CPU.Build.0 = Release|Any CPU
		{E4E70B31-85F2-4709-A65B-218E7805D720}.Debug|Any CPU.ActiveCfg = Debug|Any CPU
		{E4E70B31-85F2-4709-A65B-218E7805D720}.Debug|Any CPU.Build.0 = Debug|Any CPU
		{E4E70B31-85F2-4709-A65B-218E7805D720}.Release|Any CPU.ActiveCfg = Release|Any CPU
		{E4E70B31-85F2-4709-A65B-218E7805D720}.Release|Any CPU.Build.0 = Release|Any CPU
		{47BBE237-199E-4B4F-9D1D-7CF960FF3D93}.Debug|Any CPU.ActiveCfg = Debug|Any CPU
		{47BBE237-199E-4B4F-9D1D-7CF960FF3D93}.Debug|Any CPU.Build.0 = Debug|Any CPU
		{47BBE237-199E-4B4F-9D1D-7CF960FF3D93}.Release|Any CPU.ActiveCfg = Release|Any CPU
		{47BBE237-199E-4B4F-9D1D-7CF960FF3D93}.Release|Any CPU.Build.0 = Release|Any CPU
		{64822C03-17D0-49D2-AE94-A16151416088}.Debug|Any CPU.ActiveCfg = Debug|Any CPU
		{64822C03-17D0-49D2-AE94-A16151416088}.Debug|Any CPU.Build.0 = Debug|Any CPU
		{64822C03-17D0-49D2-AE94-A16151416088}.Release|Any CPU.ActiveCfg = Release|Any CPU
		{64822C03-17D0-49D2-AE94-A16151416088}.Release|Any CPU.Build.0 = Release|Any CPU
		{25EDC004-0BAF-4FF7-A6D9-2954C00C50C3}.Debug|Any CPU.ActiveCfg = Debug|Any CPU
		{25EDC004-0BAF-4FF7-A6D9-2954C00C50C3}.Debug|Any CPU.Build.0 = Debug|Any CPU
		{25EDC004-0BAF-4FF7-A6D9-2954C00C50C3}.Release|Any CPU.ActiveCfg = Release|Any CPU
		{25EDC004-0BAF-4FF7-A6D9-2954C00C50C3}.Release|Any CPU.Build.0 = Release|Any CPU
		{2B6B4408-D1A4-464A-8C0A-C097C093656C}.Debug|Any CPU.ActiveCfg = Debug|Any CPU
		{2B6B4408-D1A4-464A-8C0A-C097C093656C}.Debug|Any CPU.Build.0 = Debug|Any CPU
		{2B6B4408-D1A4-464A-8C0A-C097C093656C}.Release|Any CPU.ActiveCfg = Release|Any CPU
		{2B6B4408-D1A4-464A-8C0A-C097C093656C}.Release|Any CPU.Build.0 = Release|Any CPU
	EndGlobalSection
	GlobalSection(SolutionProperties) = preSolution
		HideSolutionNode = FALSE
	EndGlobalSection
	GlobalSection(ExtensibilityGlobals) = postSolution
		SolutionGuid = {CAD620AA-E464-4709-BE32-D8F53105721C}
	EndGlobalSection
EndGlobal
